{
    "name": "rich-text-laravel",
    "version": "1.0.0",
    "lockfileVersion": 3,
    "requires": true,
    "packages": {
        "": {
            "name": "rich-text-laravel",
            "version": "1.0.0",
            "license": "MIT",
            "dependencies": {
                "@37signals/lexxy": "^0.7.6-beta",
                "trix": "^2.1.16"
            },
            "devDependencies": {
                "esbuild": "^0.14.49"
            }
        },
        "node_modules/@37signals/lexxy": {
            "version": "0.7.6-beta",
            "resolved": "https://registry.npmjs.org/@37signals/lexxy/-/lexxy-0.7.6-beta.tgz",
            "integrity": "sha512-/uPOqw/gMTajG5jDPknNmhUt12snxx69RqK2uRR12FqOT3E7Advervn1Ro+7HxUMr33GZvIEYU2h+NsI1sMYKg==",
            "license": "MIT",
            "dependencies": {
                "@lexical/clipboard": "^0.38.2",
                "@lexical/code": "^0.38.2",
                "@lexical/extension": "^0.38.2",
                "@lexical/history": "^0.38.2",
                "@lexical/html": "^0.38.2",
                "@lexical/link": "^0.38.2",
                "@lexical/list": "^0.38.2",
                "@lexical/markdown": "^0.38.2",
                "@lexical/plain-text": "^0.38.2",
                "@lexical/rich-text": "^0.38.2",
                "@lexical/selection": "^0.38.2",
                "@lexical/table": "^0.38.2",
                "@lexical/utils": "^0.38.2",
                "dompurify": "^3.3.0",
                "lexical": "^0.38.2",
                "marked": "^16.4.1",
                "prismjs": "^1.30.0"
            },
            "peerDependencies": {
                "@rails/activestorage": "^7.0.0"
            },
            "peerDependenciesMeta": {
                "@rails/activestorage": {
                    "optional": true
                }
            }
        },
        "node_modules/@esbuild/linux-loong64": {
            "version": "0.14.54",
            "resolved": "https://registry.npmjs.org/@esbuild/linux-loong64/-/linux-loong64-0.14.54.tgz",
            "integrity": "sha512-bZBrLAIX1kpWelV0XemxBZllyRmM6vgFQQG2GdNb+r3Fkp0FOh1NJSvekXDs7jq70k4euu1cryLMfU+mTXlEpw==",
            "cpu": [
                "loong64"
            ],
            "dev": true,
            "license": "MIT",
            "optional": true,
            "os": [
                "linux"
            ],
            "engines": {
                "node": ">=12"
            }
        },
        "node_modules/@lexical/clipboard": {
            "version": "0.38.2",
            "resolved": "https://registry.npmjs.org/@lexical/clipboard/-/clipboard-0.38.2.tgz",
            "integrity": "sha512-dDShUplCu8/o6BB9ousr3uFZ9bltR+HtleF/Tl8FXFNPpZ4AXhbLKUoJuucRuIr+zqT7RxEv/3M6pk/HEoE6NQ==",
            "license": "MIT",
            "dependencies": {
                "@lexical/html": "0.38.2",
                "@lexical/list": "0.38.2",
                "@lexical/selection": "0.38.2",
                "@lexical/utils": "0.38.2",
                "lexical": "0.38.2"
            }
        },
        "node_modules/@lexical/code": {
            "version": "0.38.2",
            "resolved": "https://registry.npmjs.org/@lexical/code/-/code-0.38.2.tgz",
            "integrity": "sha512-wpqgbmPsfi/+8SYP0zI2kml09fGPRhzO5litR9DIbbSGvcbawMbRNcKLO81DaTbsJRnBJiQvbBBBJAwZKRqgBw==",
            "license": "MIT",
            "dependencies": {
                "@lexical/utils": "0.38.2",
                "lexical": "0.38.2",
                "prismjs": "^1.30.0"
            }
        },
        "node_modules/@lexical/dragon": {
            "version": "0.38.2",
            "resolved": "https://registry.npmjs.org/@lexical/dragon/-/dragon-0.38.2.tgz",
            "integrity": "sha512-riOhgo+l4oN50RnLGhcqeUokVlMZRc+NDrxRNs2lyKSUdC4vAhAmAVUHDqYPyb4K4ZSw4ebZ3j8hI2zO4O3BbA==",
            "license": "MIT",
            "dependencies": {
                "@lexical/extension": "0.38.2",
                "lexical": "0.38.2"
            }
        },
        "node_modules/@lexical/extension": {
            "version": "0.38.2",
            "resolved": "https://registry.npmjs.org/@lexical/extension/-/extension-0.38.2.tgz",
            "integrity": "sha512-qbUNxEVjAC0kxp7hEMTzktj0/51SyJoIJWK6Gm790b4yNBq82fEPkksfuLkRg9VQUteD0RT1Nkjy8pho8nNamw==",
            "license": "MIT",
            "dependencies": {
                "@lexical/utils": "0.38.2",
                "@preact/signals-core": "^1.11.0",
                "lexical": "0.38.2"
            }
        },
        "node_modules/@lexical/history": {
            "version": "0.38.2",
            "resolved": "https://registry.npmjs.org/@lexical/history/-/history-0.38.2.tgz",
            "integrity": "sha512-QWPwoVDMe/oJ0+TFhy78TDi7TWU/8bcDRFUNk1nWgbq7+2m+5MMoj90LmOFwakQHnCVovgba2qj+atZrab1dsQ==",
            "license": "MIT",
            "dependencies": {
                "@lexical/extension": "0.38.2",
                "@lexical/utils": "0.38.2",
                "lexical": "0.38.2"
            }
        },
        "node_modules/@lexical/html": {
            "version": "0.38.2",
            "resolved": "https://registry.npmjs.org/@lexical/html/-/html-0.38.2.tgz",
            "integrity": "sha512-pC5AV+07bmHistRwgG3NJzBMlIzSdxYO6rJU4eBNzyR4becdiLsI4iuv+aY7PhfSv+SCs7QJ9oc4i5caq48Pkg==",
            "license": "MIT",
            "dependencies": {
                "@lexical/selection": "0.38.2",
                "@lexical/utils": "0.38.2",
                "lexical": "0.38.2"
            }
        },
        "node_modules/@lexical/link": {
            "version": "0.38.2",
            "resolved": "https://registry.npmjs.org/@lexical/link/-/link-0.38.2.tgz",
            "integrity": "sha512-UOKTyYqrdCR9+7GmH6ZVqJTmqYefKGMUHMGljyGks+OjOGZAQs78S1QgcPEqltDy+SSdPSYK7wAo6gjxZfEq9g==",
            "license": "MIT",
            "dependencies": {
                "@lexical/extension": "0.38.2",
                "@lexical/utils": "0.38.2",
                "lexical": "0.38.2"
            }
        },
        "node_modules/@lexical/list": {
            "version": "0.38.2",
            "resolved": "https://registry.npmjs.org/@lexical/list/-/list-0.38.2.tgz",
            "integrity": "sha512-OQm9TzatlMrDZGxMxbozZEHzMJhKxAbH1TOnOGyFfzpfjbnFK2y8oLeVsfQZfZRmiqQS4Qc/rpFnRP2Ax5dsbA==",
            "license": "MIT",
            "dependencies": {
                "@lexical/extension": "0.38.2",
                "@lexical/selection": "0.38.2",
                "@lexical/utils": "0.38.2",
                "lexical": "0.38.2"
            }
        },
        "node_modules/@lexical/markdown": {
            "version": "0.38.2",
            "resolved": "https://registry.npmjs.org/@lexical/markdown/-/markdown-0.38.2.tgz",
            "integrity": "sha512-ykQJ9KUpCs1+Ak6ZhQMP6Slai4/CxfLEGg/rSHNVGbcd7OaH/ICtZN5jOmIe9ExfXMWy1o8PyMu+oAM3+AWFgA==",
            "license": "MIT",
            "dependencies": {
                "@lexical/code": "0.38.2",
                "@lexical/link": "0.38.2",
                "@lexical/list": "0.38.2",
                "@lexical/rich-text": "0.38.2",
                "@lexical/text": "0.38.2",
                "@lexical/utils": "0.38.2",
                "lexical": "0.38.2"
            }
        },
        "node_modules/@lexical/plain-text": {
            "version": "0.38.2",
            "resolved": "https://registry.npmjs.org/@lexical/plain-text/-/plain-text-0.38.2.tgz",
            "integrity": "sha512-xRYNHJJFCbaQgr0uErW8Im2Phv1nWHIT4VSoAlBYqLuVGZBD4p61dqheBwqXWlGGJFk+MY5C5URLiMicgpol7A==",
            "license": "MIT",
            "dependencies": {
                "@lexical/clipboard": "0.38.2",
                "@lexical/dragon": "0.38.2",
                "@lexical/selection": "0.38.2",
                "@lexical/utils": "0.38.2",
                "lexical": "0.38.2"
            }
        },
        "node_modules/@lexical/rich-text": {
            "version": "0.38.2",
            "resolved": "https://registry.npmjs.org/@lexical/rich-text/-/rich-text-0.38.2.tgz",
            "integrity": "sha512-eFjeOT7YnDZYpty7Zlwlct0UxUSaYu53uLYG+Prs3NoKzsfEK7e7nYsy/BbQFfk5HoM1pYuYxFR2iIX62+YHGw==",
            "license": "MIT",
            "dependencies": {
                "@lexical/clipboard": "0.38.2",
                "@lexical/dragon": "0.38.2",
                "@lexical/selection": "0.38.2",
                "@lexical/utils": "0.38.2",
                "lexical": "0.38.2"
            }
        },
        "node_modules/@lexical/selection": {
            "version": "0.38.2",
            "resolved": "https://registry.npmjs.org/@lexical/selection/-/selection-0.38.2.tgz",
            "integrity": "sha512-eMFiWlBH6bEX9U9sMJ6PXPxVXTrihQfFeiIlWLuTpEIDF2HRz7Uo1KFRC/yN6q0DQaj7d9NZYA6Mei5DoQuz5w==",
            "license": "MIT",
            "dependencies": {
                "lexical": "0.38.2"
            }
        },
        "node_modules/@lexical/table": {
            "version": "0.38.2",
            "resolved": "https://registry.npmjs.org/@lexical/table/-/table-0.38.2.tgz",
            "integrity": "sha512-uu0i7yz0nbClmHOO5ZFsinRJE6vQnFz2YPblYHAlNigiBedhqMwSv5bedrzDq8nTTHwych3mC63tcyKIrM+I1g==",
            "license": "MIT",
            "dependencies": {
                "@lexical/clipboard": "0.38.2",
                "@lexical/extension": "0.38.2",
                "@lexical/utils": "0.38.2",
                "lexical": "0.38.2"
            }
        },
        "node_modules/@lexical/text": {
            "version": "0.38.2",
            "resolved": "https://registry.npmjs.org/@lexical/text/-/text-0.38.2.tgz",
            "integrity": "sha512-+juZxUugtC4T37aE3P0l4I9tsWbogDUnTI/mgYk4Ht9g+gLJnhQkzSA8chIyfTxbj5i0A8yWrUUSw+/xA7lKUQ==",
            "license": "MIT",
            "dependencies": {
                "lexical": "0.38.2"
            }
        },
        "node_modules/@lexical/utils": {
            "version": "0.38.2",
            "resolved": "https://registry.npmjs.org/@lexical/utils/-/utils-0.38.2.tgz",
            "integrity": "sha512-y+3rw15r4oAWIEXicUdNjfk8018dbKl7dWHqGHVEtqzAYefnEYdfD2FJ5KOTXfeoYfxi8yOW7FvzS4NZDi8Bfw==",
            "license": "MIT",
            "dependencies": {
                "@lexical/list": "0.38.2",
                "@lexical/selection": "0.38.2",
                "@lexical/table": "0.38.2",
                "lexical": "0.38.2"
            }
        },
        "node_modules/@preact/signals-core": {
            "version": "1.13.0",
            "resolved": "https://registry.npmjs.org/@preact/signals-core/-/signals-core-1.13.0.tgz",
            "integrity": "sha512-slT6XeTCAbdql61GVLlGU4x7XHI7kCZV5Um5uhE4zLX4ApgiiXc0UYFvVOKq06xcovzp7p+61l68oPi563ARKg==",
            "license": "MIT",
            "funding": {
                "type": "opencollective",
                "url": "https://opencollective.com/preact"
            }
        },
        "node_modules/@types/trusted-types": {
            "version": "2.0.7",
            "resolved": "https://registry.npmjs.org/@types/trusted-types/-/trusted-types-2.0.7.tgz",
            "integrity": "sha512-ScaPdn1dQczgbl0QFTeTOmVHFULt394XJgOQNoyVhZ6r2vLnMLJfBPd53SB52T/3G36VI1/g2MZaX0cwDuXsfw==",
            "license": "MIT",
            "optional": true
        },
        "node_modules/dompurify": {
            "version": "3.3.1",
            "resolved": "https://registry.npmjs.org/dompurify/-/dompurify-3.3.1.tgz",
            "integrity": "sha512-qkdCKzLNtrgPFP1Vo+98FRzJnBRGe4ffyCea9IwHB1fyxPOeNTHpLKYGd4Uk9xvNoH0ZoOjwZxNptyMwqrId1Q==",
            "license": "(MPL-2.0 OR Apache-2.0)",
            "optionalDependencies": {
                "@types/trusted-types": "^2.0.7"
            }
        },
        "node_modules/esbuild": {
            "version": "0.14.54",
            "resolved": "https://registry.npmjs.org/esbuild/-/esbuild-0.14.54.tgz",
            "integrity": "sha512-Cy9llcy8DvET5uznocPyqL3BFRrFXSVqbgpMJ9Wz8oVjZlh/zUSNbPRbov0VX7VxN2JH1Oa0uNxZ7eLRb62pJA==",
            "dev": true,
            "hasInstallScript": true,
            "license": "MIT",
            "bin": {
                "esbuild": "bin/esbuild"
            },
            "engines": {
                "node": ">=12"
            },
            "optionalDependencies": {
                "@esbuild/linux-loong64": "0.14.54",
                "esbuild-android-64": "0.14.54",
                "esbuild-android-arm64": "0.14.54",
                "esbuild-darwin-64": "0.14.54",
                "esbuild-darwin-arm64": "0.14.54",
                "esbuild-freebsd-64": "0.14.54",
                "esbuild-freebsd-arm64": "0.14.54",
                "esbuild-linux-32": "0.14.54",
                "esbuild-linux-64": "0.14.54",
                "esbuild-linux-arm": "0.14.54",
                "esbuild-linux-arm64": "0.14.54",
                "esbuild-linux-mips64le": "0.14.54",
                "esbuild-linux-ppc64le": "0.14.54",
                "esbuild-linux-riscv64": "0.14.54",
                "esbuild-linux-s390x": "0.14.54",
                "esbuild-netbsd-64": "0.14.54",
                "esbuild-openbsd-64": "0.14.54",
                "esbuild-sunos-64": "0.14.54",
                "esbuild-windows-32": "0.14.54",
                "esbuild-windows-64": "0.14.54",
                "esbuild-windows-arm64": "0.14.54"
            }
        },
        "node_modules/esbuild-android-64": {
            "version": "0.14.54",
            "resolved": "https://registry.npmjs.org/esbuild-android-64/-/esbuild-android-64-0.14.54.tgz",
            "integrity": "sha512-Tz2++Aqqz0rJ7kYBfz+iqyE3QMycD4vk7LBRyWaAVFgFtQ/O8EJOnVmTOiDWYZ/uYzB4kvP+bqejYdVKzE5lAQ==",
            "cpu": [
                "x64"
            ],
            "dev": true,
            "license": "MIT",
            "optional": true,
            "os": [
                "android"
            ],
            "engines": {
                "node": ">=12"
            }
        },
        "node_modules/esbuild-android-arm64": {
            "version": "0.14.54",
            "resolved": "https://registry.npmjs.org/esbuild-android-arm64/-/esbuild-android-arm64-0.14.54.tgz",
            "integrity": "sha512-F9E+/QDi9sSkLaClO8SOV6etqPd+5DgJje1F9lOWoNncDdOBL2YF59IhsWATSt0TLZbYCf3pNlTHvVV5VfHdvg==",
            "cpu": [
                "arm64"
            ],
            "dev": true,
            "license": "MIT",
            "optional": true,
            "os": [
                "android"
            ],
            "engines": {
                "node": ">=12"
            }
        },
        "node_modules/esbuild-darwin-64": {
            "version": "0.14.54",
            "resolved": "https://registry.npmjs.org/esbuild-darwin-64/-/esbuild-darwin-64-0.14.54.tgz",
            "integrity": "sha512-jtdKWV3nBviOd5v4hOpkVmpxsBy90CGzebpbO9beiqUYVMBtSc0AL9zGftFuBon7PNDcdvNCEuQqw2x0wP9yug==",
            "cpu": [
                "x64"
            ],
            "dev": true,
            "license": "MIT",
            "optional": true,
            "os": [
                "darwin"
            ],
            "engines": {
                "node": ">=12"
            }
        },
        "node_modules/esbuild-darwin-arm64": {
            "version": "0.14.54",
            "resolved": "https://registry.npmjs.org/esbuild-darwin-arm64/-/esbuild-darwin-arm64-0.14.54.tgz",
            "integrity": "sha512-OPafJHD2oUPyvJMrsCvDGkRrVCar5aVyHfWGQzY1dWnzErjrDuSETxwA2HSsyg2jORLY8yBfzc1MIpUkXlctmw==",
            "cpu": [
                "arm64"
            ],
            "dev": true,
            "license": "MIT",
            "optional": true,
            "os": [
                "darwin"
            ],
            "engines": {
                "node": ">=12"
            }
        },
        "node_modules/esbuild-freebsd-64": {
            "version": "0.14.54",
            "resolved": "https://registry.npmjs.org/esbuild-freebsd-64/-/esbuild-freebsd-64-0.14.54.tgz",
            "integrity": "sha512-OKwd4gmwHqOTp4mOGZKe/XUlbDJ4Q9TjX0hMPIDBUWWu/kwhBAudJdBoxnjNf9ocIB6GN6CPowYpR/hRCbSYAg==",
            "cpu": [
                "x64"
            ],
            "dev": true,
            "license": "MIT",
            "optional": true,
            "os": [
                "freebsd"
            ],
            "engines": {
                "node": ">=12"
            }
        },
        "node_modules/esbuild-freebsd-arm64": {
            "version": "0.14.54",
            "resolved": "https://registry.npmjs.org/esbuild-freebsd-arm64/-/esbuild-freebsd-arm64-0.14.54.tgz",
            "integrity": "sha512-sFwueGr7OvIFiQT6WeG0jRLjkjdqWWSrfbVwZp8iMP+8UHEHRBvlaxL6IuKNDwAozNUmbb8nIMXa7oAOARGs1Q==",
            "cpu": [
                "arm64"
            ],
            "dev": true,
            "license": "MIT",
            "optional": true,
            "os": [
                "freebsd"
            ],
            "engines": {
                "node": ">=12"
            }
        },
        "node_modules/esbuild-linux-32": {
            "version": "0.14.54",
            "resolved": "https://registry.npmjs.org/esbuild-linux-32/-/esbuild-linux-32-0.14.54.tgz",
            "integrity": "sha512-1ZuY+JDI//WmklKlBgJnglpUL1owm2OX+8E1syCD6UAxcMM/XoWd76OHSjl/0MR0LisSAXDqgjT3uJqT67O3qw==",
            "cpu": [
                "ia32"
            ],
            "dev": true,
            "license": "MIT",
            "optional": true,
            "os": [
                "linux"
            ],
            "engines": {
                "node": ">=12"
            }
        },
        "node_modules/esbuild-linux-64": {
            "version": "0.14.54",
            "resolved": "https://registry.npmjs.org/esbuild-linux-64/-/esbuild-linux-64-0.14.54.tgz",
            "integrity": "sha512-EgjAgH5HwTbtNsTqQOXWApBaPVdDn7XcK+/PtJwZLT1UmpLoznPd8c5CxqsH2dQK3j05YsB3L17T8vE7cp4cCg==",
            "cpu": [
                "x64"
            ],
            "dev": true,
            "license": "MIT",
            "optional": true,
            "os": [
                "linux"
            ],
            "engines": {
                "node": ">=12"
            }
        },
        "node_modules/esbuild-linux-arm": {
            "version": "0.14.54",
            "resolved": "https://registry.npmjs.org/esbuild-linux-arm/-/esbuild-linux-arm-0.14.54.tgz",
            "integrity": "sha512-qqz/SjemQhVMTnvcLGoLOdFpCYbz4v4fUo+TfsWG+1aOu70/80RV6bgNpR2JCrppV2moUQkww+6bWxXRL9YMGw==",
            "cpu": [
                "arm"
            ],
            "dev": true,
            "license": "MIT",
            "optional": true,
            "os": [
                "linux"
            ],
            "engines": {
                "node": ">=12"
            }
        },
        "node_modules/esbuild-linux-arm64": {
            "version": "0.14.54",
            "resolved": "https://registry.npmjs.org/esbuild-linux-arm64/-/esbuild-linux-arm64-0.14.54.tgz",
            "integrity": "sha512-WL71L+0Rwv+Gv/HTmxTEmpv0UgmxYa5ftZILVi2QmZBgX3q7+tDeOQNqGtdXSdsL8TQi1vIaVFHUPDe0O0kdig==",
            "cpu": [
                "arm64"
            ],
            "dev": true,
            "license": "MIT",
            "optional": true,
            "os": [
                "linux"
            ],
            "engines": {
                "node": ">=12"
            }
        },
        "node_modules/esbuild-linux-mips64le": {
            "version": "0.14.54",
            "resolved": "https://registry.npmjs.org/esbuild-linux-mips64le/-/esbuild-linux-mips64le-0.14.54.tgz",
            "integrity": "sha512-qTHGQB8D1etd0u1+sB6p0ikLKRVuCWhYQhAHRPkO+OF3I/iSlTKNNS0Lh2Oc0g0UFGguaFZZiPJdJey3AGpAlw==",
            "cpu": [
                "mips64el"
            ],
            "dev": true,
            "license": "MIT",
            "optional": true,
            "os": [
                "linux"
            ],
            "engines": {
                "node": ">=12"
            }
        },
        "node_modules/esbuild-linux-ppc64le": {
            "version": "0.14.54",
            "resolved": "https://registry.npmjs.org/esbuild-linux-ppc64le/-/esbuild-linux-ppc64le-0.14.54.tgz",
            "integrity": "sha512-j3OMlzHiqwZBDPRCDFKcx595XVfOfOnv68Ax3U4UKZ3MTYQB5Yz3X1mn5GnodEVYzhtZgxEBidLWeIs8FDSfrQ==",
            "cpu": [
                "ppc64"
            ],
            "dev": true,
            "license": "MIT",
            "optional": true,
            "os": [
                "linux"
            ],
            "engines": {
                "node": ">=12"
            }
        },
        "node_modules/esbuild-linux-riscv64": {
            "version": "0.14.54",
            "resolved": "https://registry.npmjs.org/esbuild-linux-riscv64/-/esbuild-linux-riscv64-0.14.54.tgz",
            "integrity": "sha512-y7Vt7Wl9dkOGZjxQZnDAqqn+XOqFD7IMWiewY5SPlNlzMX39ocPQlOaoxvT4FllA5viyV26/QzHtvTjVNOxHZg==",
            "cpu": [
                "riscv64"
            ],
            "dev": true,
            "license": "MIT",
            "optional": true,
            "os": [
                "linux"
            ],
            "engines": {
                "node": ">=12"
            }
        },
        "node_modules/esbuild-linux-s390x": {
            "version": "0.14.54",
            "resolved": "https://registry.npmjs.org/esbuild-linux-s390x/-/esbuild-linux-s390x-0.14.54.tgz",
            "integrity": "sha512-zaHpW9dziAsi7lRcyV4r8dhfG1qBidQWUXweUjnw+lliChJqQr+6XD71K41oEIC3Mx1KStovEmlzm+MkGZHnHA==",
            "cpu": [
                "s390x"
            ],
            "dev": true,
            "license": "MIT",
            "optional": true,
            "os": [
                "linux"
            ],
            "engines": {
                "node": ">=12"
            }
        },
        "node_modules/esbuild-netbsd-64": {
            "version": "0.14.54",
            "resolved": "https://registry.npmjs.org/esbuild-netbsd-64/-/esbuild-netbsd-64-0.14.54.tgz",
            "integrity": "sha512-PR01lmIMnfJTgeU9VJTDY9ZerDWVFIUzAtJuDHwwceppW7cQWjBBqP48NdeRtoP04/AtO9a7w3viI+PIDr6d+w==",
            "cpu": [
                "x64"
            ],
            "dev": true,
            "license": "MIT",
            "optional": true,
            "os": [
                "netbsd"
            ],
            "engines": {
                "node": ">=12"
            }
        },
        "node_modules/esbuild-openbsd-64": {
            "version": "0.14.54",
            "resolved": "https://registry.npmjs.org/esbuild-openbsd-64/-/esbuild-openbsd-64-0.14.54.tgz",
            "integrity": "sha512-Qyk7ikT2o7Wu76UsvvDS5q0amJvmRzDyVlL0qf5VLsLchjCa1+IAvd8kTBgUxD7VBUUVgItLkk609ZHUc1oCaw==",
            "cpu": [
                "x64"
            ],
            "dev": true,
            "license": "MIT",
            "optional": true,
            "os": [
                "openbsd"
            ],
            "engines": {
                "node": ">=12"
            }
        },
        "node_modules/esbuild-sunos-64": {
            "version": "0.14.54",
            "resolved": "https://registry.npmjs.org/esbuild-sunos-64/-/esbuild-sunos-64-0.14.54.tgz",
            "integrity": "sha512-28GZ24KmMSeKi5ueWzMcco6EBHStL3B6ubM7M51RmPwXQGLe0teBGJocmWhgwccA1GeFXqxzILIxXpHbl9Q/Kw==",
            "cpu": [
                "x64"
            ],
            "dev": true,
            "license": "MIT",
            "optional": true,
            "os": [
                "sunos"
            ],
            "engines": {
                "node": ">=12"
            }
        },
        "node_modules/esbuild-windows-32": {
            "version": "0.14.54",
            "resolved": "https://registry.npmjs.org/esbuild-windows-32/-/esbuild-windows-32-0.14.54.tgz",
            "integrity": "sha512-T+rdZW19ql9MjS7pixmZYVObd9G7kcaZo+sETqNH4RCkuuYSuv9AGHUVnPoP9hhuE1WM1ZimHz1CIBHBboLU7w==",
            "cpu": [
                "ia32"
            ],
            "dev": true,
            "license": "MIT",
            "optional": true,
            "os": [
                "win32"
            ],
            "engines": {
                "node": ">=12"
            }
        },
        "node_modules/esbuild-windows-64": {
            "version": "0.14.54",
            "resolved": "https://registry.npmjs.org/esbuild-windows-64/-/esbuild-windows-64-0.14.54.tgz",
            "integrity": "sha512-AoHTRBUuYwXtZhjXZbA1pGfTo8cJo3vZIcWGLiUcTNgHpJJMC1rVA44ZereBHMJtotyN71S8Qw0npiCIkW96cQ==",
            "cpu": [
                "x64"
            ],
            "dev": true,
            "license": "MIT",
            "optional": true,
            "os": [
                "win32"
            ],
            "engines": {
                "node": ">=12"
            }
        },
        "node_modules/esbuild-windows-arm64": {
            "version": "0.14.54",
            "resolved": "https://registry.npmjs.org/esbuild-windows-arm64/-/esbuild-windows-arm64-0.14.54.tgz",
            "integrity": "sha512-M0kuUvXhot1zOISQGXwWn6YtS+Y/1RT9WrVIOywZnJHo3jCDyewAc79aKNQWFCQm+xNHVTq9h8dZKvygoXQQRg==",
            "cpu": [
                "arm64"
            ],
            "dev": true,
            "license": "MIT",
            "optional": true,
            "os": [
                "win32"
            ],
            "engines": {
                "node": ">=12"
            }
        },
        "node_modules/lexical": {
            "version": "0.38.2",
            "resolved": "https://registry.npmjs.org/lexical/-/lexical-0.38.2.tgz",
            "integrity": "sha512-JJmfsG3c4gwBHzUGffbV7ifMNkKAWMCnYE3xJl87gty7hjyV5f3xq7eqTjP5HFYvO4XpjJvvWO2/djHp5S10tw==",
            "license": "MIT"
        },
        "node_modules/marked": {
            "version": "16.4.2",
            "resolved": "https://registry.npmjs.org/marked/-/marked-16.4.2.tgz",
            "integrity": "sha512-TI3V8YYWvkVf3KJe1dRkpnjs68JUPyEa5vjKrp1XEEJUAOaQc+Qj+L1qWbPd0SJuAdQkFU0h73sXXqwDYxsiDA==",
            "license": "MIT",
            "bin": {
                "marked": "bin/marked.js"
            },
            "engines": {
                "node": ">= 20"
            }
        },
        "node_modules/prismjs": {
            "version": "1.30.0",
            "resolved": "https://registry.npmjs.org/prismjs/-/prismjs-1.30.0.tgz",
            "integrity": "sha512-DEvV2ZF2r2/63V+tK8hQvrR2ZGn10srHbXviTlcv7Kpzw8jWiNTqbVgjO3IY8RxrrOUF8VPMQQFysYYYv0YZxw==",
            "license": "MIT",
            "engines": {
                "node": ">=6"
            }
        },
        "node_modules/trix": {
            "version": "2.1.16",
            "resolved": "https://registry.npmjs.org/trix/-/trix-2.1.16.tgz",
            "integrity": "sha512-XtZgWI+oBvLzX7CWnkIf+ZWC+chL+YG/TkY43iMTV0Zl+CJjn18B1GJUCEWJ8qgfpcyMBuysnNAfPWiv2sV14A==",
            "license": "MIT",
            "dependencies": {
                "dompurify": "^3.2.5"
            },
            "engines": {
                "node": ">= 18"
            }
        }
    }
}
